
Microsoft Visual Studio Solution File, Format Version 12.00
# Visual Studio 15
VisualStudioVersion = 15.0.28307.1267
MinimumVisualStudioVersion = 10.0.40219.1
Project("{8BC9CEB8-8B4A-11D0-8D11-00A0C91BC942}") = "MyStudy", "MyStudy\MyStudy.vcxproj", "{E68C6C25-84C6-4705-9F46-F2F653CDB59E}"
EndProject
Project("{8BC9CEB8-8B4A-11D0-8D11-00A0C91BC942}") = "myCoreLib", "myCoreLib\myCoreLib.vcxproj", "{C78DFAB6-9327-4727-863C-557B04057975}"
EndProject
Project("{2150E333-8FDC-42A3-9474-1A3956D46DE8}") = "NetWork", "NetWork", "{7211B693-6FF3-44E9-9CD7-20EEB7B0B4A1}"
EndProject
Project("{8BC9CEB8-8B4A-11D0-8D11-00A0C91BC942}") = "SocketEcho", "SocketEcho\SocketEcho.vcxproj", "{91F29B8F-F2F8-4522-866B-C945208A7447}"
EndProject
Project("{8BC9CEB8-8B4A-11D0-8D11-00A0C91BC942}") = "SocketClient", "SocketClient\SocketClient.vcxproj", "{25B5E103-2B80-4590-AAB8-9612749314E2}"
EndProject
Project("{8BC9CEB8-8B4A-11D0-8D11-00A0C91BC942}") = "ChatClient", "ChatClient\ChatClient.vcxproj", "{0A3F3C57-BD0B-483B-BA39-017BD16BA61B}"
EndProject
Project("{8BC9CEB8-8B4A-11D0-8D11-00A0C91BC942}") = "ChatServer", "ChatServer\ChatServer.vcxproj", "{6F471441-7EF0-48B4-982A-A04BFC152A08}"
EndProject
Project("{8BC9CEB8-8B4A-11D0-8D11-00A0C91BC942}") = "myChatServer", "myChatServer\myChatServer.vcxproj", "{3E9362D1-32C0-4FAE-994B-0B8E69190C4C}"
EndProject
Project("{8BC9CEB8-8B4A-11D0-8D11-00A0C91BC942}") = "myChatClient", "myChatClient\myChatClient.vcxproj", "{358BFD0C-0BFC-44F5-A6CD-7F40ECB9264D}"
EndProject
Project("{8BC9CEB8-8B4A-11D0-8D11-00A0C91BC942}") = "myGameNetwork", "myGameNetwork\myGameNetwork.vcxproj", "{70F1F574-E8FF-414E-A343-209C867C5D13}"
EndProject
Project("{8BC9CEB8-8B4A-11D0-8D11-00A0C91BC942}") = "myNetCore", "myNetCore\myNetCore.vcxproj", "{CB0CFB4F-4EB2-475D-9F5B-C83B104FA9AD}"
EndProject
Project("{2150E333-8FDC-42A3-9474-1A3956D46DE8}") = "Server", "Server", "{9C91DBFE-7AE1-46A0-B016-364C6729DED6}"
EndProject
Project("{8BC9CEB8-8B4A-11D0-8D11-00A0C91BC942}") = "SampleServer", "SampleServer\SampleServer.vcxproj", "{F2AFE8F0-587B-4048-A963-EA5EAB33FBEC}"
EndProject
Project("{2150E333-8FDC-42A3-9474-1A3956D46DE8}") = "Client", "Client", "{8EF14B1F-F9B8-40F7-AD9A-860532C68952}"
EndProject
Project("{8BC9CEB8-8B4A-11D0-8D11-00A0C91BC942}") = "ChatClient11", "ChatClient11\ChatClient11.vcxproj", "{A2A5E7A5-C6AB-4543-92EC-F488D730AC8D}"
EndProject
Project("{8BC9CEB8-8B4A-11D0-8D11-00A0C91BC942}") = "SampleODBC", "SampleODBC\SampleODBC.vcxproj", "{F7801E2F-5E6E-4FCB-B2EE-60BFA16A8460}"
EndProject
Project("{2150E333-8FDC-42A3-9474-1A3956D46DE8}") = "Database", "Database", "{52133A21-D30D-4BDD-85AA-454FB9216F20}"
EndProject
Project("{8BC9CEB8-8B4A-11D0-8D11-00A0C91BC942}") = "myAstar", "mtAstar\mtAstar.vcxproj", "{7301ECEA-248B-490B-A394-ED38EEB327AA}"
EndProject
Project("{8BC9CEB8-8B4A-11D0-8D11-00A0C91BC942}") = "SampleC++11", "SampleC++11\SampleC++11.vcxproj", "{DB220266-C1F8-4B73-B02E-DDD8403E923E}"
EndProject
Project("{2150E333-8FDC-42A3-9474-1A3956D46DE8}") = "C++11", "C++11", "{E2D6DD9D-E241-4F8E-B1E7-572840B67217}"
EndProject
Project("{8BC9CEB8-8B4A-11D0-8D11-00A0C91BC942}") = "Thread", "Thread\Thread.vcxproj", "{4C2E7617-2EAC-4599-86C9-8FA1E6638DF6}"
EndProject
Project("{8BC9CEB8-8B4A-11D0-8D11-00A0C91BC942}") = "syncThread", "syncThread\syncThread.vcxproj", "{091A2F40-0B07-4796-9E6B-A86A3DA1590F}"
EndProject
Project("{2150E333-8FDC-42A3-9474-1A3956D46DE8}") = "Sample", "Sample", "{33AD277C-C47A-4C38-AAF6-919DFED44F9F}"
EndProject
Project("{8BC9CEB8-8B4A-11D0-8D11-00A0C91BC942}") = "myBasic2DLib", "myBasic2DLib\myBasic2DLib.vcxproj", "{994AEE6D-AE76-4E85-9AB0-B0128119ADF6}"
EndProject
Project("{8BC9CEB8-8B4A-11D0-8D11-00A0C91BC942}") = "SampleRendering", "SampleRendering\SampleRendering.vcxproj", "{E2AE6010-BAA1-4CAA-807F-7A087DEC4417}"
EndProject
Project("{8BC9CEB8-8B4A-11D0-8D11-00A0C91BC942}") = "SampleCB", "SampleCB\SampleCB.vcxproj", "{09A31CCF-8F10-46CC-81AC-3F19612C158E}"
EndProject
Project("{8BC9CEB8-8B4A-11D0-8D11-00A0C91BC942}") = "SampleBox", "SampleBox\SampleBox.vcxproj", "{BB2454DB-8ACB-4C84-869E-E49A78ACC37E}"
EndProject
Project("{8BC9CEB8-8B4A-11D0-8D11-00A0C91BC942}") = "ComponentTest", "ComponentTest\ComponentTest.vcxproj", "{C031D3F3-350E-44AC-A251-C52BB38E036A}"
EndProject
Project("{8BC9CEB8-8B4A-11D0-8D11-00A0C91BC942}") = "Test11", "Test11\Test11.vcxproj", "{77B22283-3F25-4FED-9846-0B87DC57CC7C}"
EndProject
Project("{8BC9CEB8-8B4A-11D0-8D11-00A0C91BC942}") = "SampleQuadTree", "SampleQuadTree\SampleQuadTree.vcxproj", "{29160714-DB52-4992-8BF8-6CE72593FE08}"
EndProject
Project("{2150E333-8FDC-42A3-9474-1A3956D46DE8}") = "Before", "Before", "{2CD1051F-EF31-444E-B0CF-1B34394FDCA8}"
EndProject
Project("{8BC9CEB8-8B4A-11D0-8D11-00A0C91BC942}") = "SampleLOD", "SampleLOD\SampleLOD.vcxproj", "{5BE24D22-9585-4765-A708-D662022DBED1}"
EndProject
Project("{8BC9CEB8-8B4A-11D0-8D11-00A0C91BC942}") = "SampleFbxLoader", "SampleFbxLoader\SampleFbxLoader.vcxproj", "{A42B4F3E-C807-4618-B977-BBD3ECB10912}"
EndProject
Project("{8BC9CEB8-8B4A-11D0-8D11-00A0C91BC942}") = "DemoMFC", "DemoMFC\DemoMFC.vcxproj", "{2A46A539-15A0-458E-BE13-6A6B5C0F61BC}"
EndProject
Project("{8BC9CEB8-8B4A-11D0-8D11-00A0C91BC942}") = "SampleInstance", "SampleInstance\SampleInstance.vcxproj", "{F0E234B2-6E58-49B2-802D-60DD9FD04A67}"
EndProject
Global
	GlobalSection(SolutionConfigurationPlatforms) = preSolution
		Debug|x64 = Debug|x64
		Debug|x86 = Debug|x86
		Release|x64 = Release|x64
		Release|x86 = Release|x86
	EndGlobalSection
	GlobalSection(ProjectConfigurationPlatforms) = postSolution
		{E68C6C25-84C6-4705-9F46-F2F653CDB59E}.Debug|x64.ActiveCfg = Debug|x64
		{E68C6C25-84C6-4705-9F46-F2F653CDB59E}.Debug|x64.Build.0 = Debug|x64
		{E68C6C25-84C6-4705-9F46-F2F653CDB59E}.Debug|x86.ActiveCfg = Debug|Win32
		{E68C6C25-84C6-4705-9F46-F2F653CDB59E}.Debug|x86.Build.0 = Debug|Win32
		{E68C6C25-84C6-4705-9F46-F2F653CDB59E}.Release|x64.ActiveCfg = Release|x64
		{E68C6C25-84C6-4705-9F46-F2F653CDB59E}.Release|x64.Build.0 = Release|x64
		{E68C6C25-84C6-4705-9F46-F2F653CDB59E}.Release|x86.ActiveCfg = Release|Win32
		{E68C6C25-84C6-4705-9F46-F2F653CDB59E}.Release|x86.Build.0 = Release|Win32
		{C78DFAB6-9327-4727-863C-557B04057975}.Debug|x64.ActiveCfg = Debug|x64
		{C78DFAB6-9327-4727-863C-557B04057975}.Debug|x64.Build.0 = Debug|x64
		{C78DFAB6-9327-4727-863C-557B04057975}.Debug|x86.ActiveCfg = Debug|Win32
		{C78DFAB6-9327-4727-863C-557B04057975}.Debug|x86.Build.0 = Debug|Win32
		{C78DFAB6-9327-4727-863C-557B04057975}.Release|x64.ActiveCfg = Release|x64
		{C78DFAB6-9327-4727-863C-557B04057975}.Release|x64.Build.0 = Release|x64
		{C78DFAB6-9327-4727-863C-557B04057975}.Release|x86.ActiveCfg = Release|Win32
		{C78DFAB6-9327-4727-863C-557B04057975}.Release|x86.Build.0 = Release|Win32
		{91F29B8F-F2F8-4522-866B-C945208A7447}.Debug|x64.ActiveCfg = Debug|x64
		{91F29B8F-F2F8-4522-866B-C945208A7447}.Debug|x64.Build.0 = Debug|x64
		{91F29B8F-F2F8-4522-866B-C945208A7447}.Debug|x86.ActiveCfg = Debug|Win32
		{91F29B8F-F2F8-4522-866B-C945208A7447}.Debug|x86.Build.0 = Debug|Win32
		{91F29B8F-F2F8-4522-866B-C945208A7447}.Release|x64.ActiveCfg = Release|x64
		{91F29B8F-F2F8-4522-866B-C945208A7447}.Release|x64.Build.0 = Release|x64
		{91F29B8F-F2F8-4522-866B-C945208A7447}.Release|x86.ActiveCfg = Release|Win32
		{91F29B8F-F2F8-4522-866B-C945208A7447}.Release|x86.Build.0 = Release|Win32
		{25B5E103-2B80-4590-AAB8-9612749314E2}.Debug|x64.ActiveCfg = Debug|x64
		{25B5E103-2B80-4590-AAB8-9612749314E2}.Debug|x64.Build.0 = Debug|x64
		{25B5E103-2B80-4590-AAB8-9612749314E2}.Debug|x86.ActiveCfg = Debug|Win32
		{25B5E103-2B80-4590-AAB8-9612749314E2}.Debug|x86.Build.0 = Debug|Win32
		{25B5E103-2B80-4590-AAB8-9612749314E2}.Release|x64.ActiveCfg = Release|x64
		{25B5E103-2B80-4590-AAB8-9612749314E2}.Release|x64.Build.0 = Release|x64
		{25B5E103-2B80-4590-AAB8-9612749314E2}.Release|x86.ActiveCfg = Release|Win32
		{25B5E103-2B80-4590-AAB8-9612749314E2}.Release|x86.Build.0 = Release|Win32
		{0A3F3C57-BD0B-483B-BA39-017BD16BA61B}.Debug|x64.ActiveCfg = Debug|x64
		{0A3F3C57-BD0B-483B-BA39-017BD16BA61B}.Debug|x64.Build.0 = Debug|x64
		{0A3F3C57-BD0B-483B-BA39-017BD16BA61B}.Debug|x86.ActiveCfg = Debug|Win32
		{0A3F3C57-BD0B-483B-BA39-017BD16BA61B}.Debug|x86.Build.0 = Debug|Win32
		{0A3F3C57-BD0B-483B-BA39-017BD16BA61B}.Release|x64.ActiveCfg = Release|x64
		{0A3F3C57-BD0B-483B-BA39-017BD16BA61B}.Release|x64.Build.0 = Release|x64
		{0A3F3C57-BD0B-483B-BA39-017BD16BA61B}.Release|x86.ActiveCfg = Release|Win32
		{0A3F3C57-BD0B-483B-BA39-017BD16BA61B}.Release|x86.Build.0 = Release|Win32
		{6F471441-7EF0-48B4-982A-A04BFC152A08}.Debug|x64.ActiveCfg = Debug|x64
		{6F471441-7EF0-48B4-982A-A04BFC152A08}.Debug|x64.Build.0 = Debug|x64
		{6F471441-7EF0-48B4-982A-A04BFC152A08}.Debug|x86.ActiveCfg = Debug|Win32
		{6F471441-7EF0-48B4-982A-A04BFC152A08}.Debug|x86.Build.0 = Debug|Win32
		{6F471441-7EF0-48B4-982A-A04BFC152A08}.Release|x64.ActiveCfg = Release|x64
		{6F471441-7EF0-48B4-982A-A04BFC152A08}.Release|x64.Build.0 = Release|x64
		{6F471441-7EF0-48B4-982A-A04BFC152A08}.Release|x86.ActiveCfg = Release|Win32
		{6F471441-7EF0-48B4-982A-A04BFC152A08}.Release|x86.Build.0 = Release|Win32
		{3E9362D1-32C0-4FAE-994B-0B8E69190C4C}.Debug|x64.ActiveCfg = Debug|x64
		{3E9362D1-32C0-4FAE-994B-0B8E69190C4C}.Debug|x64.Build.0 = Debug|x64
		{3E9362D1-32C0-4FAE-994B-0B8E69190C4C}.Debug|x86.ActiveCfg = Debug|Win32
		{3E9362D1-32C0-4FAE-994B-0B8E69190C4C}.Debug|x86.Build.0 = Debug|Win32
		{3E9362D1-32C0-4FAE-994B-0B8E69190C4C}.Release|x64.ActiveCfg = Release|x64
		{3E9362D1-32C0-4FAE-994B-0B8E69190C4C}.Release|x64.Build.0 = Release|x64
		{3E9362D1-32C0-4FAE-994B-0B8E69190C4C}.Release|x86.ActiveCfg = Release|Win32
		{3E9362D1-32C0-4FAE-994B-0B8E69190C4C}.Release|x86.Build.0 = Release|Win32
		{358BFD0C-0BFC-44F5-A6CD-7F40ECB9264D}.Debug|x64.ActiveCfg = Debug|x64
		{358BFD0C-0BFC-44F5-A6CD-7F40ECB9264D}.Debug|x64.Build.0 = Debug|x64
		{358BFD0C-0BFC-44F5-A6CD-7F40ECB9264D}.Debug|x86.ActiveCfg = Debug|Win32
		{358BFD0C-0BFC-44F5-A6CD-7F40ECB9264D}.Debug|x86.Build.0 = Debug|Win32
		{358BFD0C-0BFC-44F5-A6CD-7F40ECB9264D}.Release|x64.ActiveCfg = Release|x64
		{358BFD0C-0BFC-44F5-A6CD-7F40ECB9264D}.Release|x64.Build.0 = Release|x64
		{358BFD0C-0BFC-44F5-A6CD-7F40ECB9264D}.Release|x86.ActiveCfg = Release|Win32
		{358BFD0C-0BFC-44F5-A6CD-7F40ECB9264D}.Release|x86.Build.0 = Release|Win32
		{70F1F574-E8FF-414E-A343-209C867C5D13}.Debug|x64.ActiveCfg = Debug|x64
		{70F1F574-E8FF-414E-A343-209C867C5D13}.Debug|x64.Build.0 = Debug|x64
		{70F1F574-E8FF-414E-A343-209C867C5D13}.Debug|x86.ActiveCfg = Debug|Win32
		{70F1F574-E8FF-414E-A343-209C867C5D13}.Debug|x86.Build.0 = Debug|Win32
		{70F1F574-E8FF-414E-A343-209C867C5D13}.Release|x64.ActiveCfg = Release|x64
		{70F1F574-E8FF-414E-A343-209C867C5D13}.Release|x64.Build.0 = Release|x64
		{70F1F574-E8FF-414E-A343-209C867C5D13}.Release|x86.ActiveCfg = Release|Win32
		{70F1F574-E8FF-414E-A343-209C867C5D13}.Release|x86.Build.0 = Release|Win32
		{CB0CFB4F-4EB2-475D-9F5B-C83B104FA9AD}.Debug|x64.ActiveCfg = Debug|x64
		{CB0CFB4F-4EB2-475D-9F5B-C83B104FA9AD}.Debug|x64.Build.0 = Debug|x64
		{CB0CFB4F-4EB2-475D-9F5B-C83B104FA9AD}.Debug|x86.ActiveCfg = Debug|Win32
		{CB0CFB4F-4EB2-475D-9F5B-C83B104FA9AD}.Debug|x86.Build.0 = Debug|Win32
		{CB0CFB4F-4EB2-475D-9F5B-C83B104FA9AD}.Release|x64.ActiveCfg = Release|x64
		{CB0CFB4F-4EB2-475D-9F5B-C83B104FA9AD}.Release|x64.Build.0 = Release|x64
		{CB0CFB4F-4EB2-475D-9F5B-C83B104FA9AD}.Release|x86.ActiveCfg = Release|Win32
		{CB0CFB4F-4EB2-475D-9F5B-C83B104FA9AD}.Release|x86.Build.0 = Release|Win32
		{F2AFE8F0-587B-4048-A963-EA5EAB33FBEC}.Debug|x64.ActiveCfg = Debug|x64
		{F2AFE8F0-587B-4048-A963-EA5EAB33FBEC}.Debug|x64.Build.0 = Debug|x64
		{F2AFE8F0-587B-4048-A963-EA5EAB33FBEC}.Debug|x86.ActiveCfg = Debug|Win32
		{F2AFE8F0-587B-4048-A963-EA5EAB33FBEC}.Debug|x86.Build.0 = Debug|Win32
		{F2AFE8F0-587B-4048-A963-EA5EAB33FBEC}.Release|x64.ActiveCfg = Release|x64
		{F2AFE8F0-587B-4048-A963-EA5EAB33FBEC}.Release|x64.Build.0 = Release|x64
		{F2AFE8F0-587B-4048-A963-EA5EAB33FBEC}.Release|x86.ActiveCfg = Release|Win32
		{F2AFE8F0-587B-4048-A963-EA5EAB33FBEC}.Release|x86.Build.0 = Release|Win32
		{A2A5E7A5-C6AB-4543-92EC-F488D730AC8D}.Debug|x64.ActiveCfg = Debug|x64
		{A2A5E7A5-C6AB-4543-92EC-F488D730AC8D}.Debug|x64.Build.0 = Debug|x64
		{A2A5E7A5-C6AB-4543-92EC-F488D730AC8D}.Debug|x86.ActiveCfg = Debug|Win32
		{A2A5E7A5-C6AB-4543-92EC-F488D730AC8D}.Debug|x86.Build.0 = Debug|Win32
		{A2A5E7A5-C6AB-4543-92EC-F488D730AC8D}.Release|x64.ActiveCfg = Release|x64
		{A2A5E7A5-C6AB-4543-92EC-F488D730AC8D}.Release|x64.Build.0 = Release|x64
		{A2A5E7A5-C6AB-4543-92EC-F488D730AC8D}.Release|x86.ActiveCfg = Release|Win32
		{A2A5E7A5-C6AB-4543-92EC-F488D730AC8D}.Release|x86.Build.0 = Release|Win32
		{F7801E2F-5E6E-4FCB-B2EE-60BFA16A8460}.Debug|x64.ActiveCfg = Debug|x64
		{F7801E2F-5E6E-4FCB-B2EE-60BFA16A8460}.Debug|x64.Build.0 = Debug|x64
		{F7801E2F-5E6E-4FCB-B2EE-60BFA16A8460}.Debug|x86.ActiveCfg = Debug|Win32
		{F7801E2F-5E6E-4FCB-B2EE-60BFA16A8460}.Debug|x86.Build.0 = Debug|Win32
		{F7801E2F-5E6E-4FCB-B2EE-60BFA16A8460}.Release|x64.ActiveCfg = Release|x64
		{F7801E2F-5E6E-4FCB-B2EE-60BFA16A8460}.Release|x64.Build.0 = Release|x64
		{F7801E2F-5E6E-4FCB-B2EE-60BFA16A8460}.Release|x86.ActiveCfg = Release|Win32
		{F7801E2F-5E6E-4FCB-B2EE-60BFA16A8460}.Release|x86.Build.0 = Release|Win32
		{7301ECEA-248B-490B-A394-ED38EEB327AA}.Debug|x64.ActiveCfg = Debug|x64
		{7301ECEA-248B-490B-A394-ED38EEB327AA}.Debug|x64.Build.0 = Debug|x64
		{7301ECEA-248B-490B-A394-ED38EEB327AA}.Debug|x86.ActiveCfg = Debug|Win32
		{7301ECEA-248B-490B-A394-ED38EEB327AA}.Debug|x86.Build.0 = Debug|Win32
		{7301ECEA-248B-490B-A394-ED38EEB327AA}.Release|x64.ActiveCfg = Release|x64
		{7301ECEA-248B-490B-A394-ED38EEB327AA}.Release|x64.Build.0 = Release|x64
		{7301ECEA-248B-490B-A394-ED38EEB327AA}.Release|x86.ActiveCfg = Release|Win32
		{7301ECEA-248B-490B-A394-ED38EEB327AA}.Release|x86.Build.0 = Release|Win32
		{DB220266-C1F8-4B73-B02E-DDD8403E923E}.Debug|x64.ActiveCfg = Debug|x64
		{DB220266-C1F8-4B73-B02E-DDD8403E923E}.Debug|x64.Build.0 = Debug|x64
		{DB220266-C1F8-4B73-B02E-DDD8403E923E}.Debug|x86.ActiveCfg = Debug|Win32
		{DB220266-C1F8-4B73-B02E-DDD8403E923E}.Debug|x86.Build.0 = Debug|Win32
		{DB220266-C1F8-4B73-B02E-DDD8403E923E}.Release|x64.ActiveCfg = Release|x64
		{DB220266-C1F8-4B73-B02E-DDD8403E923E}.Release|x64.Build.0 = Release|x64
		{DB220266-C1F8-4B73-B02E-DDD8403E923E}.Release|x86.ActiveCfg = Release|Win32
		{DB220266-C1F8-4B73-B02E-DDD8403E923E}.Release|x86.Build.0 = Release|Win32
		{4C2E7617-2EAC-4599-86C9-8FA1E6638DF6}.Debug|x64.ActiveCfg = Debug|x64
		{4C2E7617-2EAC-4599-86C9-8FA1E6638DF6}.Debug|x64.Build.0 = Debug|x64
		{4C2E7617-2EAC-4599-86C9-8FA1E6638DF6}.Debug|x86.ActiveCfg = Debug|Win32
		{4C2E7617-2EAC-4599-86C9-8FA1E6638DF6}.Debug|x86.Build.0 = Debug|Win32
		{4C2E7617-2EAC-4599-86C9-8FA1E6638DF6}.Release|x64.ActiveCfg = Release|x64
		{4C2E7617-2EAC-4599-86C9-8FA1E6638DF6}.Release|x64.Build.0 = Release|x64
		{4C2E7617-2EAC-4599-86C9-8FA1E6638DF6}.Release|x86.ActiveCfg = Release|Win32
		{4C2E7617-2EAC-4599-86C9-8FA1E6638DF6}.Release|x86.Build.0 = Release|Win32
		{091A2F40-0B07-4796-9E6B-A86A3DA1590F}.Debug|x64.ActiveCfg = Debug|x64
		{091A2F40-0B07-4796-9E6B-A86A3DA1590F}.Debug|x64.Build.0 = Debug|x64
		{091A2F40-0B07-4796-9E6B-A86A3DA1590F}.Debug|x86.ActiveCfg = Debug|Win32
		{091A2F40-0B07-4796-9E6B-A86A3DA1590F}.Debug|x86.Build.0 = Debug|Win32
		{091A2F40-0B07-4796-9E6B-A86A3DA1590F}.Release|x64.ActiveCfg = Release|x64
		{091A2F40-0B07-4796-9E6B-A86A3DA1590F}.Release|x64.Build.0 = Release|x64
		{091A2F40-0B07-4796-9E6B-A86A3DA1590F}.Release|x86.ActiveCfg = Release|Win32
		{091A2F40-0B07-4796-9E6B-A86A3DA1590F}.Release|x86.Build.0 = Release|Win32
		{994AEE6D-AE76-4E85-9AB0-B0128119ADF6}.Debug|x64.ActiveCfg = Debug|x64
		{994AEE6D-AE76-4E85-9AB0-B0128119ADF6}.Debug|x64.Build.0 = Debug|x64
		{994AEE6D-AE76-4E85-9AB0-B0128119ADF6}.Debug|x86.ActiveCfg = Debug|Win32
		{994AEE6D-AE76-4E85-9AB0-B0128119ADF6}.Debug|x86.Build.0 = Debug|Win32
		{994AEE6D-AE76-4E85-9AB0-B0128119ADF6}.Release|x64.ActiveCfg = Release|x64
		{994AEE6D-AE76-4E85-9AB0-B0128119ADF6}.Release|x64.Build.0 = Release|x64
		{994AEE6D-AE76-4E85-9AB0-B0128119ADF6}.Release|x86.ActiveCfg = Release|Win32
		{994AEE6D-AE76-4E85-9AB0-B0128119ADF6}.Release|x86.Build.0 = Release|Win32
		{E2AE6010-BAA1-4CAA-807F-7A087DEC4417}.Debug|x64.ActiveCfg = Debug|x64
		{E2AE6010-BAA1-4CAA-807F-7A087DEC4417}.Debug|x64.Build.0 = Debug|x64
		{E2AE6010-BAA1-4CAA-807F-7A087DEC4417}.Debug|x86.ActiveCfg = Debug|Win32
		{E2AE6010-BAA1-4CAA-807F-7A087DEC4417}.Debug|x86.Build.0 = Debug|Win32
		{E2AE6010-BAA1-4CAA-807F-7A087DEC4417}.Release|x64.ActiveCfg = Release|x64
		{E2AE6010-BAA1-4CAA-807F-7A087DEC4417}.Release|x64.Build.0 = Release|x64
		{E2AE6010-BAA1-4CAA-807F-7A087DEC4417}.Release|x86.ActiveCfg = Release|Win32
		{E2AE6010-BAA1-4CAA-807F-7A087DEC4417}.Release|x86.Build.0 = Release|Win32
		{09A31CCF-8F10-46CC-81AC-3F19612C158E}.Debug|x64.ActiveCfg = Debug|x64
		{09A31CCF-8F10-46CC-81AC-3F19612C158E}.Debug|x64.Build.0 = Debug|x64
		{09A31CCF-8F10-46CC-81AC-3F19612C158E}.Debug|x86.ActiveCfg = Debug|Win32
		{09A31CCF-8F10-46CC-81AC-3F19612C158E}.Debug|x86.Build.0 = Debug|Win32
		{09A31CCF-8F10-46CC-81AC-3F19612C158E}.Release|x64.ActiveCfg = Release|x64
		{09A31CCF-8F10-46CC-81AC-3F19612C158E}.Release|x64.Build.0 = Release|x64
		{09A31CCF-8F10-46CC-81AC-3F19612C158E}.Release|x86.ActiveCfg = Release|Win32
		{09A31CCF-8F10-46CC-81AC-3F19612C158E}.Release|x86.Build.0 = Release|Win32
		{BB2454DB-8ACB-4C84-869E-E49A78ACC37E}.Debug|x64.ActiveCfg = Debug|x64
		{BB2454DB-8ACB-4C84-869E-E49A78ACC37E}.Debug|x64.Build.0 = Debug|x64
		{BB2454DB-8ACB-4C84-869E-E49A78ACC37E}.Debug|x86.ActiveCfg = Debug|Win32
		{BB2454DB-8ACB-4C84-869E-E49A78ACC37E}.Debug|x86.Build.0 = Debug|Win32
		{BB2454DB-8ACB-4C84-869E-E49A78ACC37E}.Release|x64.ActiveCfg = Release|x64
		{BB2454DB-8ACB-4C84-869E-E49A78ACC37E}.Release|x64.Build.0 = Release|x64
		{BB2454DB-8ACB-4C84-869E-E49A78ACC37E}.Release|x86.ActiveCfg = Release|Win32
		{BB2454DB-8ACB-4C84-869E-E49A78ACC37E}.Release|x86.Build.0 = Release|Win32
		{C031D3F3-350E-44AC-A251-C52BB38E036A}.Debug|x64.ActiveCfg = Debug|x64
		{C031D3F3-350E-44AC-A251-C52BB38E036A}.Debug|x64.Build.0 = Debug|x64
		{C031D3F3-350E-44AC-A251-C52BB38E036A}.Debug|x86.ActiveCfg = Debug|Win32
		{C031D3F3-350E-44AC-A251-C52BB38E036A}.Debug|x86.Build.0 = Debug|Win32
		{C031D3F3-350E-44AC-A251-C52BB38E036A}.Release|x64.ActiveCfg = Release|x64
		{C031D3F3-350E-44AC-A251-C52BB38E036A}.Release|x64.Build.0 = Release|x64
		{C031D3F3-350E-44AC-A251-C52BB38E036A}.Release|x86.ActiveCfg = Release|Win32
		{C031D3F3-350E-44AC-A251-C52BB38E036A}.Release|x86.Build.0 = Release|Win32
		{77B22283-3F25-4FED-9846-0B87DC57CC7C}.Debug|x64.ActiveCfg = Debug|x64
		{77B22283-3F25-4FED-9846-0B87DC57CC7C}.Debug|x64.Build.0 = Debug|x64
		{77B22283-3F25-4FED-9846-0B87DC57CC7C}.Debug|x86.ActiveCfg = Debug|Win32
		{77B22283-3F25-4FED-9846-0B87DC57CC7C}.Debug|x86.Build.0 = Debug|Win32
		{77B22283-3F25-4FED-9846-0B87DC57CC7C}.Release|x64.ActiveCfg = Release|x64
		{77B22283-3F25-4FED-9846-0B87DC57CC7C}.Release|x64.Build.0 = Release|x64
		{77B22283-3F25-4FED-9846-0B87DC57CC7C}.Release|x86.ActiveCfg = Release|Win32
		{77B22283-3F25-4FED-9846-0B87DC57CC7C}.Release|x86.Build.0 = Release|Win32
		{29160714-DB52-4992-8BF8-6CE72593FE08}.Debug|x64.ActiveCfg = Debug|x64
		{29160714-DB52-4992-8BF8-6CE72593FE08}.Debug|x64.Build.0 = Debug|x64
		{29160714-DB52-4992-8BF8-6CE72593FE08}.Debug|x86.ActiveCfg = Debug|Win32
		{29160714-DB52-4992-8BF8-6CE72593FE08}.Debug|x86.Build.0 = Debug|Win32
		{29160714-DB52-4992-8BF8-6CE72593FE08}.Release|x64.ActiveCfg = Release|x64
		{29160714-DB52-4992-8BF8-6CE72593FE08}.Release|x64.Build.0 = Release|x64
		{29160714-DB52-4992-8BF8-6CE72593FE08}.Release|x86.ActiveCfg = Release|Win32
		{29160714-DB52-4992-8BF8-6CE72593FE08}.Release|x86.Build.0 = Release|Win32
		{5BE24D22-9585-4765-A708-D662022DBED1}.Debug|x64.ActiveCfg = Debug|x64
		{5BE24D22-9585-4765-A708-D662022DBED1}.Debug|x64.Build.0 = Debug|x64
		{5BE24D22-9585-4765-A708-D662022DBED1}.Debug|x86.ActiveCfg = Debug|Win32
		{5BE24D22-9585-4765-A708-D662022DBED1}.Debug|x86.Build.0 = Debug|Win32
		{5BE24D22-9585-4765-A708-D662022DBED1}.Release|x64.ActiveCfg = Release|x64
		{5BE24D22-9585-4765-A708-D662022DBED1}.Release|x64.Build.0 = Release|x64
		{5BE24D22-9585-4765-A708-D662022DBED1}.Release|x86.ActiveCfg = Release|Win32
		{5BE24D22-9585-4765-A708-D662022DBED1}.Release|x86.Build.0 = Release|Win32
		{A42B4F3E-C807-4618-B977-BBD3ECB10912}.Debug|x64.ActiveCfg = Debug|x64
		{A42B4F3E-C807-4618-B977-BBD3ECB10912}.Debug|x64.Build.0 = Debug|x64
		{A42B4F3E-C807-4618-B977-BBD3ECB10912}.Debug|x86.ActiveCfg = Debug|Win32
		{A42B4F3E-C807-4618-B977-BBD3ECB10912}.Debug|x86.Build.0 = Debug|Win32
		{A42B4F3E-C807-4618-B977-BBD3ECB10912}.Release|x64.ActiveCfg = Release|x64
		{A42B4F3E-C807-4618-B977-BBD3ECB10912}.Release|x64.Build.0 = Release|x64
		{A42B4F3E-C807-4618-B977-BBD3ECB10912}.Release|x86.ActiveCfg = Release|Win32
		{A42B4F3E-C807-4618-B977-BBD3ECB10912}.Release|x86.Build.0 = Release|Win32
		{2A46A539-15A0-458E-BE13-6A6B5C0F61BC}.Debug|x64.ActiveCfg = Debug|x64
		{2A46A539-15A0-458E-BE13-6A6B5C0F61BC}.Debug|x64.Build.0 = Debug|x64
		{2A46A539-15A0-458E-BE13-6A6B5C0F61BC}.Debug|x86.ActiveCfg = Debug|Win32
		{2A46A539-15A0-458E-BE13-6A6B5C0F61BC}.Debug|x86.Build.0 = Debug|Win32
		{2A46A539-15A0-458E-BE13-6A6B5C0F61BC}.Release|x64.ActiveCfg = Release|x64
		{2A46A539-15A0-458E-BE13-6A6B5C0F61BC}.Release|x64.Build.0 = Release|x64
		{2A46A539-15A0-458E-BE13-6A6B5C0F61BC}.Release|x86.ActiveCfg = Release|Win32
		{2A46A539-15A0-458E-BE13-6A6B5C0F61BC}.Release|x86.Build.0 = Release|Win32
		{F0E234B2-6E58-49B2-802D-60DD9FD04A67}.Debug|x64.ActiveCfg = Debug|x64
		{F0E234B2-6E58-49B2-802D-60DD9FD04A67}.Debug|x64.Build.0 = Debug|x64
		{F0E234B2-6E58-49B2-802D-60DD9FD04A67}.Debug|x86.ActiveCfg = Debug|Win32
		{F0E234B2-6E58-49B2-802D-60DD9FD04A67}.Debug|x86.Build.0 = Debug|Win32
		{F0E234B2-6E58-49B2-802D-60DD9FD04A67}.Release|x64.ActiveCfg = Release|x64
		{F0E234B2-6E58-49B2-802D-60DD9FD04A67}.Release|x64.Build.0 = Release|x64
		{F0E234B2-6E58-49B2-802D-60DD9FD04A67}.Release|x86.ActiveCfg = Release|Win32
		{F0E234B2-6E58-49B2-802D-60DD9FD04A67}.Release|x86.Build.0 = Release|Win32
	EndGlobalSection
	GlobalSection(SolutionProperties) = preSolution
		HideSolutionNode = FALSE
	EndGlobalSection
	GlobalSection(NestedProjects) = preSolution
		{E68C6C25-84C6-4705-9F46-F2F653CDB59E} = {33AD277C-C47A-4C38-AAF6-919DFED44F9F}
		{C78DFAB6-9327-4727-863C-557B04057975} = {8EF14B1F-F9B8-40F7-AD9A-860532C68952}
		{7211B693-6FF3-44E9-9CD7-20EEB7B0B4A1} = {33AD277C-C47A-4C38-AAF6-919DFED44F9F}
		{91F29B8F-F2F8-4522-866B-C945208A7447} = {7211B693-6FF3-44E9-9CD7-20EEB7B0B4A1}
		{25B5E103-2B80-4590-AAB8-9612749314E2} = {7211B693-6FF3-44E9-9CD7-20EEB7B0B4A1}
		{0A3F3C57-BD0B-483B-BA39-017BD16BA61B} = {7211B693-6FF3-44E9-9CD7-20EEB7B0B4A1}
		{6F471441-7EF0-48B4-982A-A04BFC152A08} = {7211B693-6FF3-44E9-9CD7-20EEB7B0B4A1}
		{3E9362D1-32C0-4FAE-994B-0B8E69190C4C} = {7211B693-6FF3-44E9-9CD7-20EEB7B0B4A1}
		{358BFD0C-0BFC-44F5-A6CD-7F40ECB9264D} = {7211B693-6FF3-44E9-9CD7-20EEB7B0B4A1}
		{70F1F574-E8FF-414E-A343-209C867C5D13} = {7211B693-6FF3-44E9-9CD7-20EEB7B0B4A1}
		{CB0CFB4F-4EB2-475D-9F5B-C83B104FA9AD} = {9C91DBFE-7AE1-46A0-B016-364C6729DED6}
		{9C91DBFE-7AE1-46A0-B016-364C6729DED6} = {2CD1051F-EF31-444E-B0CF-1B34394FDCA8}
		{F2AFE8F0-587B-4048-A963-EA5EAB33FBEC} = {9C91DBFE-7AE1-46A0-B016-364C6729DED6}
		{A2A5E7A5-C6AB-4543-92EC-F488D730AC8D} = {33AD277C-C47A-4C38-AAF6-919DFED44F9F}
		{F7801E2F-5E6E-4FCB-B2EE-60BFA16A8460} = {52133A21-D30D-4BDD-85AA-454FB9216F20}
		{52133A21-D30D-4BDD-85AA-454FB9216F20} = {33AD277C-C47A-4C38-AAF6-919DFED44F9F}
		{7301ECEA-248B-490B-A394-ED38EEB327AA} = {33AD277C-C47A-4C38-AAF6-919DFED44F9F}
		{DB220266-C1F8-4B73-B02E-DDD8403E923E} = {E2D6DD9D-E241-4F8E-B1E7-572840B67217}
		{E2D6DD9D-E241-4F8E-B1E7-572840B67217} = {2CD1051F-EF31-444E-B0CF-1B34394FDCA8}
		{4C2E7617-2EAC-4599-86C9-8FA1E6638DF6} = {E2D6DD9D-E241-4F8E-B1E7-572840B67217}
		{091A2F40-0B07-4796-9E6B-A86A3DA1590F} = {E2D6DD9D-E241-4F8E-B1E7-572840B67217}
		{33AD277C-C47A-4C38-AAF6-919DFED44F9F} = {2CD1051F-EF31-444E-B0CF-1B34394FDCA8}
		{994AEE6D-AE76-4E85-9AB0-B0128119ADF6} = {2CD1051F-EF31-444E-B0CF-1B34394FDCA8}
		{E2AE6010-BAA1-4CAA-807F-7A087DEC4417} = {33AD277C-C47A-4C38-AAF6-919DFED44F9F}
		{09A31CCF-8F10-46CC-81AC-3F19612C158E} = {33AD277C-C47A-4C38-AAF6-919DFED44F9F}
		{BB2454DB-8ACB-4C84-869E-E49A78ACC37E} = {2CD1051F-EF31-444E-B0CF-1B34394FDCA8}
		{C031D3F3-350E-44AC-A251-C52BB38E036A} = {2CD1051F-EF31-444E-B0CF-1B34394FDCA8}
		{77B22283-3F25-4FED-9846-0B87DC57CC7C} = {2CD1051F-EF31-444E-B0CF-1B34394FDCA8}
		{29160714-DB52-4992-8BF8-6CE72593FE08} = {2CD1051F-EF31-444E-B0CF-1B34394FDCA8}
	EndGlobalSection
	GlobalSection(ExtensibilityGlobals) = postSolution
		SolutionGuid = {CB495D15-8664-4EA8-9A69-0F402DD547C8}
	EndGlobalSection
EndGlobal
