
Microsoft Visual Studio Solution File, Format Version 12.00
# Visual Studio 15
VisualStudioVersion = 15.0.28307.1267
MinimumVisualStudioVersion = 10.0.40219.1
Project("{8BC9CEB8-8B4A-11D0-8D11-00A0C91BC942}") = "MyStudy", "MyStudy\MyStudy.vcxproj", "{E68C6C25-84C6-4705-9F46-F2F653CDB59E}"
EndProject
Project("{8BC9CEB8-8B4A-11D0-8D11-00A0C91BC942}") = "myCoreLib", "myCoreLib\myCoreLib.vcxproj", "{C78DFAB6-9327-4727-863C-557B04057975}"
EndProject
Project("{2150E333-8FDC-42A3-9474-1A3956D46DE8}") = "NetWork", "NetWork", "{7211B693-6FF3-44E9-9CD7-20EEB7B0B4A1}"
EndProject
Project("{8BC9CEB8-8B4A-11D0-8D11-00A0C91BC942}") = "SocketEcho", "SocketEcho\SocketEcho.vcxproj", "{91F29B8F-F2F8-4522-866B-C945208A7447}"
EndProject
Project("{8BC9CEB8-8B4A-11D0-8D11-00A0C91BC942}") = "SocketClient", "SocketClient\SocketClient.vcxproj", "{25B5E103-2B80-4590-AAB8-9612749314E2}"
EndProject
Project("{8BC9CEB8-8B4A-11D0-8D11-00A0C91BC942}") = "ChatClient", "ChatClient\ChatClient.vcxproj", "{0A3F3C57-BD0B-483B-BA39-017BD16BA61B}"
EndProject
Project("{8BC9CEB8-8B4A-11D0-8D11-00A0C91BC942}") = "ChatServer", "ChatServer\ChatServer.vcxproj", "{6F471441-7EF0-48B4-982A-A04BFC152A08}"
EndProject
Project("{8BC9CEB8-8B4A-11D0-8D11-00A0C91BC942}") = "myChatServer", "myChatServer\myChatServer.vcxproj", "{3E9362D1-32C0-4FAE-994B-0B8E69190C4C}"
EndProject
Project("{8BC9CEB8-8B4A-11D0-8D11-00A0C91BC942}") = "myChatClient", "myChatClient\myChatClient.vcxproj", "{358BFD0C-0BFC-44F5-A6CD-7F40ECB9264D}"
EndProject
Project("{8BC9CEB8-8B4A-11D0-8D11-00A0C91BC942}") = "myGameNetwork", "myGameNetwork\myGameNetwork.vcxproj", "{70F1F574-E8FF-414E-A343-209C867C5D13}"
EndProject
Project("{8BC9CEB8-8B4A-11D0-8D11-00A0C91BC942}") = "myNetCore", "myNetCore\myNetCore.vcxproj", "{CB0CFB4F-4EB2-475D-9F5B-C83B104FA9AD}"
EndProject
Project("{2150E333-8FDC-42A3-9474-1A3956D46DE8}") = "Server", "Server", "{9C91DBFE-7AE1-46A0-B016-364C6729DED6}"
EndProject
Project("{8BC9CEB8-8B4A-11D0-8D11-00A0C91BC942}") = "SampleServer", "SampleServer\SampleServer.vcxproj", "{F2AFE8F0-587B-4048-A963-EA5EAB33FBEC}"
EndProject
Global
	GlobalSection(SolutionConfigurationPlatforms) = preSolution
		Debug|x64 = Debug|x64
		Debug|x86 = Debug|x86
		Release|x64 = Release|x64
		Release|x86 = Release|x86
	EndGlobalSection
	GlobalSection(ProjectConfigurationPlatforms) = postSolution
		{E68C6C25-84C6-4705-9F46-F2F653CDB59E}.Debug|x64.ActiveCfg = Debug|x64
		{E68C6C25-84C6-4705-9F46-F2F653CDB59E}.Debug|x64.Build.0 = Debug|x64
		{E68C6C25-84C6-4705-9F46-F2F653CDB59E}.Debug|x86.ActiveCfg = Debug|Win32
		{E68C6C25-84C6-4705-9F46-F2F653CDB59E}.Debug|x86.Build.0 = Debug|Win32
		{E68C6C25-84C6-4705-9F46-F2F653CDB59E}.Release|x64.ActiveCfg = Release|x64
		{E68C6C25-84C6-4705-9F46-F2F653CDB59E}.Release|x64.Build.0 = Release|x64
		{E68C6C25-84C6-4705-9F46-F2F653CDB59E}.Release|x86.ActiveCfg = Release|Win32
		{E68C6C25-84C6-4705-9F46-F2F653CDB59E}.Release|x86.Build.0 = Release|Win32
		{C78DFAB6-9327-4727-863C-557B04057975}.Debug|x64.ActiveCfg = Debug|x64
		{C78DFAB6-9327-4727-863C-557B04057975}.Debug|x64.Build.0 = Debug|x64
		{C78DFAB6-9327-4727-863C-557B04057975}.Debug|x86.ActiveCfg = Debug|Win32
		{C78DFAB6-9327-4727-863C-557B04057975}.Debug|x86.Build.0 = Debug|Win32
		{C78DFAB6-9327-4727-863C-557B04057975}.Release|x64.ActiveCfg = Release|x64
		{C78DFAB6-9327-4727-863C-557B04057975}.Release|x64.Build.0 = Release|x64
		{C78DFAB6-9327-4727-863C-557B04057975}.Release|x86.ActiveCfg = Release|Win32
		{C78DFAB6-9327-4727-863C-557B04057975}.Release|x86.Build.0 = Release|Win32
		{91F29B8F-F2F8-4522-866B-C945208A7447}.Debug|x64.ActiveCfg = Debug|x64
		{91F29B8F-F2F8-4522-866B-C945208A7447}.Debug|x64.Build.0 = Debug|x64
		{91F29B8F-F2F8-4522-866B-C945208A7447}.Debug|x86.ActiveCfg = Debug|Win32
		{91F29B8F-F2F8-4522-866B-C945208A7447}.Debug|x86.Build.0 = Debug|Win32
		{91F29B8F-F2F8-4522-866B-C945208A7447}.Release|x64.ActiveCfg = Release|x64
		{91F29B8F-F2F8-4522-866B-C945208A7447}.Release|x64.Build.0 = Release|x64
		{91F29B8F-F2F8-4522-866B-C945208A7447}.Release|x86.ActiveCfg = Release|Win32
		{91F29B8F-F2F8-4522-866B-C945208A7447}.Release|x86.Build.0 = Release|Win32
		{25B5E103-2B80-4590-AAB8-9612749314E2}.Debug|x64.ActiveCfg = Debug|x64
		{25B5E103-2B80-4590-AAB8-9612749314E2}.Debug|x64.Build.0 = Debug|x64
		{25B5E103-2B80-4590-AAB8-9612749314E2}.Debug|x86.ActiveCfg = Debug|Win32
		{25B5E103-2B80-4590-AAB8-9612749314E2}.Debug|x86.Build.0 = Debug|Win32
		{25B5E103-2B80-4590-AAB8-9612749314E2}.Release|x64.ActiveCfg = Release|x64
		{25B5E103-2B80-4590-AAB8-9612749314E2}.Release|x64.Build.0 = Release|x64
		{25B5E103-2B80-4590-AAB8-9612749314E2}.Release|x86.ActiveCfg = Release|Win32
		{25B5E103-2B80-4590-AAB8-9612749314E2}.Release|x86.Build.0 = Release|Win32
		{0A3F3C57-BD0B-483B-BA39-017BD16BA61B}.Debug|x64.ActiveCfg = Debug|x64
		{0A3F3C57-BD0B-483B-BA39-017BD16BA61B}.Debug|x64.Build.0 = Debug|x64
		{0A3F3C57-BD0B-483B-BA39-017BD16BA61B}.Debug|x86.ActiveCfg = Debug|Win32
		{0A3F3C57-BD0B-483B-BA39-017BD16BA61B}.Debug|x86.Build.0 = Debug|Win32
		{0A3F3C57-BD0B-483B-BA39-017BD16BA61B}.Release|x64.ActiveCfg = Release|x64
		{0A3F3C57-BD0B-483B-BA39-017BD16BA61B}.Release|x64.Build.0 = Release|x64
		{0A3F3C57-BD0B-483B-BA39-017BD16BA61B}.Release|x86.ActiveCfg = Release|Win32
		{0A3F3C57-BD0B-483B-BA39-017BD16BA61B}.Release|x86.Build.0 = Release|Win32
		{6F471441-7EF0-48B4-982A-A04BFC152A08}.Debug|x64.ActiveCfg = Debug|x64
		{6F471441-7EF0-48B4-982A-A04BFC152A08}.Debug|x64.Build.0 = Debug|x64
		{6F471441-7EF0-48B4-982A-A04BFC152A08}.Debug|x86.ActiveCfg = Debug|Win32
		{6F471441-7EF0-48B4-982A-A04BFC152A08}.Debug|x86.Build.0 = Debug|Win32
		{6F471441-7EF0-48B4-982A-A04BFC152A08}.Release|x64.ActiveCfg = Release|x64
		{6F471441-7EF0-48B4-982A-A04BFC152A08}.Release|x64.Build.0 = Release|x64
		{6F471441-7EF0-48B4-982A-A04BFC152A08}.Release|x86.ActiveCfg = Release|Win32
		{6F471441-7EF0-48B4-982A-A04BFC152A08}.Release|x86.Build.0 = Release|Win32
		{3E9362D1-32C0-4FAE-994B-0B8E69190C4C}.Debug|x64.ActiveCfg = Debug|x64
		{3E9362D1-32C0-4FAE-994B-0B8E69190C4C}.Debug|x64.Build.0 = Debug|x64
		{3E9362D1-32C0-4FAE-994B-0B8E69190C4C}.Debug|x86.ActiveCfg = Debug|Win32
		{3E9362D1-32C0-4FAE-994B-0B8E69190C4C}.Debug|x86.Build.0 = Debug|Win32
		{3E9362D1-32C0-4FAE-994B-0B8E69190C4C}.Release|x64.ActiveCfg = Release|x64
		{3E9362D1-32C0-4FAE-994B-0B8E69190C4C}.Release|x64.Build.0 = Release|x64
		{3E9362D1-32C0-4FAE-994B-0B8E69190C4C}.Release|x86.ActiveCfg = Release|Win32
		{3E9362D1-32C0-4FAE-994B-0B8E69190C4C}.Release|x86.Build.0 = Release|Win32
		{358BFD0C-0BFC-44F5-A6CD-7F40ECB9264D}.Debug|x64.ActiveCfg = Debug|x64
		{358BFD0C-0BFC-44F5-A6CD-7F40ECB9264D}.Debug|x64.Build.0 = Debug|x64
		{358BFD0C-0BFC-44F5-A6CD-7F40ECB9264D}.Debug|x86.ActiveCfg = Debug|Win32
		{358BFD0C-0BFC-44F5-A6CD-7F40ECB9264D}.Debug|x86.Build.0 = Debug|Win32
		{358BFD0C-0BFC-44F5-A6CD-7F40ECB9264D}.Release|x64.ActiveCfg = Release|x64
		{358BFD0C-0BFC-44F5-A6CD-7F40ECB9264D}.Release|x64.Build.0 = Release|x64
		{358BFD0C-0BFC-44F5-A6CD-7F40ECB9264D}.Release|x86.ActiveCfg = Release|Win32
		{358BFD0C-0BFC-44F5-A6CD-7F40ECB9264D}.Release|x86.Build.0 = Release|Win32
		{70F1F574-E8FF-414E-A343-209C867C5D13}.Debug|x64.ActiveCfg = Debug|x64
		{70F1F574-E8FF-414E-A343-209C867C5D13}.Debug|x64.Build.0 = Debug|x64
		{70F1F574-E8FF-414E-A343-209C867C5D13}.Debug|x86.ActiveCfg = Debug|Win32
		{70F1F574-E8FF-414E-A343-209C867C5D13}.Debug|x86.Build.0 = Debug|Win32
		{70F1F574-E8FF-414E-A343-209C867C5D13}.Release|x64.ActiveCfg = Release|x64
		{70F1F574-E8FF-414E-A343-209C867C5D13}.Release|x64.Build.0 = Release|x64
		{70F1F574-E8FF-414E-A343-209C867C5D13}.Release|x86.ActiveCfg = Release|Win32
		{70F1F574-E8FF-414E-A343-209C867C5D13}.Release|x86.Build.0 = Release|Win32
		{CB0CFB4F-4EB2-475D-9F5B-C83B104FA9AD}.Debug|x64.ActiveCfg = Debug|x64
		{CB0CFB4F-4EB2-475D-9F5B-C83B104FA9AD}.Debug|x64.Build.0 = Debug|x64
		{CB0CFB4F-4EB2-475D-9F5B-C83B104FA9AD}.Debug|x86.ActiveCfg = Debug|Win32
		{CB0CFB4F-4EB2-475D-9F5B-C83B104FA9AD}.Debug|x86.Build.0 = Debug|Win32
		{CB0CFB4F-4EB2-475D-9F5B-C83B104FA9AD}.Release|x64.ActiveCfg = Release|x64
		{CB0CFB4F-4EB2-475D-9F5B-C83B104FA9AD}.Release|x64.Build.0 = Release|x64
		{CB0CFB4F-4EB2-475D-9F5B-C83B104FA9AD}.Release|x86.ActiveCfg = Release|Win32
		{CB0CFB4F-4EB2-475D-9F5B-C83B104FA9AD}.Release|x86.Build.0 = Release|Win32
		{F2AFE8F0-587B-4048-A963-EA5EAB33FBEC}.Debug|x64.ActiveCfg = Debug|x64
		{F2AFE8F0-587B-4048-A963-EA5EAB33FBEC}.Debug|x64.Build.0 = Debug|x64
		{F2AFE8F0-587B-4048-A963-EA5EAB33FBEC}.Debug|x86.ActiveCfg = Debug|Win32
		{F2AFE8F0-587B-4048-A963-EA5EAB33FBEC}.Debug|x86.Build.0 = Debug|Win32
		{F2AFE8F0-587B-4048-A963-EA5EAB33FBEC}.Release|x64.ActiveCfg = Release|x64
		{F2AFE8F0-587B-4048-A963-EA5EAB33FBEC}.Release|x64.Build.0 = Release|x64
		{F2AFE8F0-587B-4048-A963-EA5EAB33FBEC}.Release|x86.ActiveCfg = Release|Win32
		{F2AFE8F0-587B-4048-A963-EA5EAB33FBEC}.Release|x86.Build.0 = Release|Win32
	EndGlobalSection
	GlobalSection(SolutionProperties) = preSolution
		HideSolutionNode = FALSE
	EndGlobalSection
	GlobalSection(NestedProjects) = preSolution
		{91F29B8F-F2F8-4522-866B-C945208A7447} = {7211B693-6FF3-44E9-9CD7-20EEB7B0B4A1}
		{25B5E103-2B80-4590-AAB8-9612749314E2} = {7211B693-6FF3-44E9-9CD7-20EEB7B0B4A1}
		{0A3F3C57-BD0B-483B-BA39-017BD16BA61B} = {7211B693-6FF3-44E9-9CD7-20EEB7B0B4A1}
		{6F471441-7EF0-48B4-982A-A04BFC152A08} = {7211B693-6FF3-44E9-9CD7-20EEB7B0B4A1}
		{3E9362D1-32C0-4FAE-994B-0B8E69190C4C} = {7211B693-6FF3-44E9-9CD7-20EEB7B0B4A1}
		{358BFD0C-0BFC-44F5-A6CD-7F40ECB9264D} = {7211B693-6FF3-44E9-9CD7-20EEB7B0B4A1}
		{CB0CFB4F-4EB2-475D-9F5B-C83B104FA9AD} = {9C91DBFE-7AE1-46A0-B016-364C6729DED6}
		{F2AFE8F0-587B-4048-A963-EA5EAB33FBEC} = {9C91DBFE-7AE1-46A0-B016-364C6729DED6}
	EndGlobalSection
	GlobalSection(ExtensibilityGlobals) = postSolution
		SolutionGuid = {CB495D15-8664-4EA8-9A69-0F402DD547C8}
	EndGlobalSection
EndGlobal
